{
  "name": "tools",
  "version": "1.0.0",
  "lockfileVersion": 3,
  "requires": true,
  "packages": {
    "": {
      "name": "tools",
      "version": "1.0.0",
      "license": "ISC",
      "dependencies": {
        "turtletoy": "^1.0.3"
      }
    },
    "node_modules/turtletoy": {
      "version": "1.0.3",
      "resolved": "https://registry.npmjs.org/turtletoy/-/turtletoy-1.0.3.tgz",
      "integrity": "sha512-k6KRuBnuR+BYFmWmnkP2QTSSbUQTbajS9ua8gIGVv1kUI2yzYAe9zKKU38X8kq6eSTm08t2+zHshyMw1vy9K6Q==",
      "license": "MIT",
      "engines": {
        "node": ">=20.0.0"
      }
    }
  }
}
